PODS:
  - IQKeyboardManagerSwift (6.5.9)
  - SwiftLint (0.45.1)

DEPENDENCIES:
  - IQKeyboardManagerSwift
  - SwiftLint

SPEC REPOS:
  trunk:
    - IQKeyboardManagerSwift
    - SwiftLint

SPEC CHECKSUMS:
  IQKeyboardManagerSwift: 6e839c575c4aa1078d58a596e41244e77abe918f
  SwiftLint: 06ac37e4d38c7068e0935bb30cda95f093bec761

PODFILE CHECKSUM: 5e382f61c208750713019c83b567998817f213a6

COCOAPODS: 1.10.2
